
Microsoft Visual Studio Solution File, Format Version 12.00
# Visual Studio Version 17
VisualStudioVersion = 17.14.36518.9 d17.14
MinimumVisualStudioVersion = 10.0.40219.1
Project("{FAE04EC0-301F-11D3-BF4B-00C04F79EFBC}") = "SwExtractor", "SwExtractor\SwExtractor.csproj", "{39055C7B-4582-462D-9DC7-9080DAB56F25}"
EndProject
Global
	GlobalSection(SolutionConfigurationPlatforms) = preSolution
		Debug|Any CPU = Debug|Any CPU
		Release|Any CPU = Release|Any CPU
	EndGlobalSection
	GlobalSection(ProjectConfigurationPlatforms) = postSolution
		{39055C7B-4582-462D-9DC7-9080DAB56F25}.Debug|Any CPU.ActiveCfg = Debug|Any CPU
		{39055C7B-4582-462D-9DC7-9080DAB56F25}.Debug|Any CPU.Build.0 = Debug|Any CPU
		{39055C7B-4582-462D-9DC7-9080DAB56F25}.Release|Any CPU.ActiveCfg = Release|Any CPU
		{39055C7B-4582-462D-9DC7-9080DAB56F25}.Release|Any CPU.Build.0 = Release|Any CPU
	EndGlobalSection
	GlobalSection(SolutionProperties) = preSolution
		HideSolutionNode = FALSE
	EndGlobalSection
	GlobalSection(ExtensibilityGlobals) = postSolution
		SolutionGuid = {B89659C7-7612-4FC5-AE5E-5556ACDF26EC}
	EndGlobalSection
EndGlobal
