# THIS IS AN AUTOGENERATED FILE. DO NOT EDIT THIS FILE DIRECTLY.
# yarn lockfile v1


"@esbuild/aix-ppc64@0.25.12":
  version "0.25.12"
  resolved "https://registry.npmjs.org/@esbuild/aix-ppc64/-/aix-ppc64-0.25.12.tgz#80fcbe36130e58b7670511e888b8e88a259ed76c"
  integrity sha512-Hhmwd6CInZ3dwpuGTF8fJG6yoWmsToE+vYgD4nytZVxcu1ulHpUQRAB1UJ8+N1Am3Mz4+xOByoQoSZf4D+CpkA==

"@esbuild/android-arm64@0.25.12":
  version "0.25.12"
  resolved "https://registry.npmjs.org/@esbuild/android-arm64/-/android-arm64-0.25.12.tgz#8aa4965f8d0a7982dc21734bf6601323a66da752"
  integrity sha512-6AAmLG7zwD1Z159jCKPvAxZd4y/VTO0VkprYy+3N2FtJ8+BQWFXU+OxARIwA46c5tdD9SsKGZ/1ocqBS/gAKHg==

"@esbuild/android-arm@0.25.12":
  version "0.25.12"
  resolved "https://registry.npmjs.org/@esbuild/android-arm/-/android-arm-0.25.12.tgz#300712101f7f50f1d2627a162e6e09b109b6767a"
  integrity sha512-VJ+sKvNA/GE7Ccacc9Cha7bpS8nyzVv0jdVgwNDaR4gDMC/2TTRc33Ip8qrNYUcpkOHUT5OZ0bUcNNVZQ9RLlg==

"@esbuild/android-x64@0.25.12":
  version "0.25.12"
  resolved "https://registry.npmjs.org/@esbuild/android-x64/-/android-x64-0.25.12.tgz#87dfb27161202bdc958ef48bb61b09c758faee16"
  integrity sha512-5jbb+2hhDHx5phYR2By8GTWEzn6I9UqR11Kwf22iKbNpYrsmRB18aX/9ivc5cabcUiAT/wM+YIZ6SG9QO6a8kg==

"@esbuild/darwin-arm64@0.25.12":
  version "0.25.12"
  resolved "https://registry.npmjs.org/@esbuild/darwin-arm64/-/darwin-arm64-0.25.12.tgz#79197898ec1ff745d21c071e1c7cc3c802f0c1fd"
  integrity sha512-N3zl+lxHCifgIlcMUP5016ESkeQjLj/959RxxNYIthIg+CQHInujFuXeWbWMgnTo4cp5XVHqFPmpyu9J65C1Yg==

"@esbuild/darwin-x64@0.25.12":
  version "0.25.12"
  resolved "https://registry.npmjs.org/@esbuild/darwin-x64/-/darwin-x64-0.25.12.tgz#146400a8562133f45c4d2eadcf37ddd09718079e"
  integrity sha512-HQ9ka4Kx21qHXwtlTUVbKJOAnmG1ipXhdWTmNXiPzPfWKpXqASVcWdnf2bnL73wgjNrFXAa3yYvBSd9pzfEIpA==

"@esbuild/freebsd-arm64@0.25.12":
  version "0.25.12"
  resolved "https://registry.npmjs.org/@esbuild/freebsd-arm64/-/freebsd-arm64-0.25.12.tgz#1c5f9ba7206e158fd2b24c59fa2d2c8bb47ca0fe"
  integrity sha512-gA0Bx759+7Jve03K1S0vkOu5Lg/85dou3EseOGUes8flVOGxbhDDh/iZaoek11Y8mtyKPGF3vP8XhnkDEAmzeg==

"@esbuild/freebsd-x64@0.25.12":
  version "0.25.12"
  resolved "https://registry.npmjs.org/@esbuild/freebsd-x64/-/freebsd-x64-0.25.12.tgz#ea631f4a36beaac4b9279fa0fcc6ca29eaeeb2b3"
  integrity sha512-TGbO26Yw2xsHzxtbVFGEXBFH0FRAP7gtcPE7P5yP7wGy7cXK2oO7RyOhL5NLiqTlBh47XhmIUXuGciXEqYFfBQ==

"@esbuild/linux-arm64@0.25.12":
  version "0.25.12"
  resolved "https://registry.npmjs.org/@esbuild/linux-arm64/-/linux-arm64-0.25.12.tgz#e1066bce58394f1b1141deec8557a5f0a22f5977"
  integrity sha512-8bwX7a8FghIgrupcxb4aUmYDLp8pX06rGh5HqDT7bB+8Rdells6mHvrFHHW2JAOPZUbnjUpKTLg6ECyzvas2AQ==

"@esbuild/linux-arm@0.25.12":
  version "0.25.12"
  resolved "https://registry.npmjs.org/@esbuild/linux-arm/-/linux-arm-0.25.12.tgz#452cd66b20932d08bdc53a8b61c0e30baf4348b9"
  integrity sha512-lPDGyC1JPDou8kGcywY0YILzWlhhnRjdof3UlcoqYmS9El818LLfJJc3PXXgZHrHCAKs/Z2SeZtDJr5MrkxtOw==

"@esbuild/linux-ia32@0.25.12":
  version "0.25.12"
  resolved "https://registry.npmjs.org/@esbuild/linux-ia32/-/linux-ia32-0.25.12.tgz#b24f8acc45bcf54192c7f2f3be1b53e6551eafe0"
  integrity sha512-0y9KrdVnbMM2/vG8KfU0byhUN+EFCny9+8g202gYqSSVMonbsCfLjUO+rCci7pM0WBEtz+oK/PIwHkzxkyharA==

"@esbuild/linux-loong64@0.25.12":
  version "0.25.12"
  resolved "https://registry.npmjs.org/@esbuild/linux-loong64/-/linux-loong64-0.25.12.tgz#f9cfffa7fc8322571fbc4c8b3268caf15bd81ad0"
  integrity sha512-h///Lr5a9rib/v1GGqXVGzjL4TMvVTv+s1DPoxQdz7l/AYv6LDSxdIwzxkrPW438oUXiDtwM10o9PmwS/6Z0Ng==

"@esbuild/linux-mips64el@0.25.12":
  version "0.25.12"
  resolved "https://registry.npmjs.org/@esbuild/linux-mips64el/-/linux-mips64el-0.25.12.tgz#575a14bd74644ffab891adc7d7e60d275296f2cd"
  integrity sha512-iyRrM1Pzy9GFMDLsXn1iHUm18nhKnNMWscjmp4+hpafcZjrr2WbT//d20xaGljXDBYHqRcl8HnxbX6uaA/eGVw==

"@esbuild/linux-ppc64@0.25.12":
  version "0.25.12"
  resolved "https://registry.npmjs.org/@esbuild/linux-ppc64/-/linux-ppc64-0.25.12.tgz#75b99c70a95fbd5f7739d7692befe60601591869"
  integrity sha512-9meM/lRXxMi5PSUqEXRCtVjEZBGwB7P/D4yT8UG/mwIdze2aV4Vo6U5gD3+RsoHXKkHCfSxZKzmDssVlRj1QQA==

"@esbuild/linux-riscv64@0.25.12":
  version "0.25.12"
  resolved "https://registry.npmjs.org/@esbuild/linux-riscv64/-/linux-riscv64-0.25.12.tgz#2e3259440321a44e79ddf7535c325057da875cd6"
  integrity sha512-Zr7KR4hgKUpWAwb1f3o5ygT04MzqVrGEGXGLnj15YQDJErYu/BGg+wmFlIDOdJp0PmB0lLvxFIOXZgFRrdjR0w==

"@esbuild/linux-s390x@0.25.12":
  version "0.25.12"
  resolved "https://registry.npmjs.org/@esbuild/linux-s390x/-/linux-s390x-0.25.12.tgz#17676cabbfe5928da5b2a0d6df5d58cd08db2663"
  integrity sha512-MsKncOcgTNvdtiISc/jZs/Zf8d0cl/t3gYWX8J9ubBnVOwlk65UIEEvgBORTiljloIWnBzLs4qhzPkJcitIzIg==

"@esbuild/linux-x64@0.25.12":
  version "0.25.12"
  resolved "https://registry.npmjs.org/@esbuild/linux-x64/-/linux-x64-0.25.12.tgz#0583775685ca82066d04c3507f09524d3cd7a306"
  integrity sha512-uqZMTLr/zR/ed4jIGnwSLkaHmPjOjJvnm6TVVitAa08SLS9Z0VM8wIRx7gWbJB5/J54YuIMInDquWyYvQLZkgw==

"@esbuild/netbsd-arm64@0.25.12":
  version "0.25.12"
  resolved "https://registry.npmjs.org/@esbuild/netbsd-arm64/-/netbsd-arm64-0.25.12.tgz#f04c4049cb2e252fe96b16fed90f70746b13f4a4"
  integrity sha512-xXwcTq4GhRM7J9A8Gv5boanHhRa/Q9KLVmcyXHCTaM4wKfIpWkdXiMog/KsnxzJ0A1+nD+zoecuzqPmCRyBGjg==

"@esbuild/netbsd-x64@0.25.12":
  version "0.25.12"
  resolved "https://registry.npmjs.org/@esbuild/netbsd-x64/-/netbsd-x64-0.25.12.tgz#77da0d0a0d826d7c921eea3d40292548b258a076"
  integrity sha512-Ld5pTlzPy3YwGec4OuHh1aCVCRvOXdH8DgRjfDy/oumVovmuSzWfnSJg+VtakB9Cm0gxNO9BzWkj6mtO1FMXkQ==

"@esbuild/openbsd-arm64@0.25.12":
  version "0.25.12"
  resolved "https://registry.npmjs.org/@esbuild/openbsd-arm64/-/openbsd-arm64-0.25.12.tgz#6296f5867aedef28a81b22ab2009c786a952dccd"
  integrity sha512-fF96T6KsBo/pkQI950FARU9apGNTSlZGsv1jZBAlcLL1MLjLNIWPBkj5NlSz8aAzYKg+eNqknrUJ24QBybeR5A==

"@esbuild/openbsd-x64@0.25.12":
  version "0.25.12"
  resolved "https://registry.npmjs.org/@esbuild/openbsd-x64/-/openbsd-x64-0.25.12.tgz#f8d23303360e27b16cf065b23bbff43c14142679"
  integrity sha512-MZyXUkZHjQxUvzK7rN8DJ3SRmrVrke8ZyRusHlP+kuwqTcfWLyqMOE3sScPPyeIXN/mDJIfGXvcMqCgYKekoQw==

"@esbuild/openharmony-arm64@0.25.12":
  version "0.25.12"
  resolved "https://registry.npmjs.org/@esbuild/openharmony-arm64/-/openharmony-arm64-0.25.12.tgz#49e0b768744a3924be0d7fd97dd6ce9b2923d88d"
  integrity sha512-rm0YWsqUSRrjncSXGA7Zv78Nbnw4XL6/dzr20cyrQf7ZmRcsovpcRBdhD43Nuk3y7XIoW2OxMVvwuRvk9XdASg==

"@esbuild/sunos-x64@0.25.12":
  version "0.25.12"
  resolved "https://registry.npmjs.org/@esbuild/sunos-x64/-/sunos-x64-0.25.12.tgz#a6ed7d6778d67e528c81fb165b23f4911b9b13d6"
  integrity sha512-3wGSCDyuTHQUzt0nV7bocDy72r2lI33QL3gkDNGkod22EsYl04sMf0qLb8luNKTOmgF/eDEDP5BFNwoBKH441w==

"@esbuild/win32-arm64@0.25.12":
  version "0.25.12"
  resolved "https://registry.npmjs.org/@esbuild/win32-arm64/-/win32-arm64-0.25.12.tgz#9ac14c378e1b653af17d08e7d3ce34caef587323"
  integrity sha512-rMmLrur64A7+DKlnSuwqUdRKyd3UE7oPJZmnljqEptesKM8wx9J8gx5u0+9Pq0fQQW8vqeKebwNXdfOyP+8Bsg==

"@esbuild/win32-ia32@0.25.12":
  version "0.25.12"
  resolved "https://registry.npmjs.org/@esbuild/win32-ia32/-/win32-ia32-0.25.12.tgz#918942dcbbb35cc14fca39afb91b5e6a3d127267"
  integrity sha512-HkqnmmBoCbCwxUKKNPBixiWDGCpQGVsrQfJoVGYLPT41XWF8lHuE5N6WhVia2n4o5QK5M4tYr21827fNhi4byQ==

"@esbuild/win32-x64@0.25.12":
  version "0.25.12"
  resolved "https://registry.npmjs.org/@esbuild/win32-x64/-/win32-x64-0.25.12.tgz#9bdad8176be7811ad148d1f8772359041f46c6c5"
  integrity sha512-alJC0uCZpTFrSL0CCDjcgleBXPnCrEAhTBILpeAp7M/OFgoqtAetfBzX0xM00MUsVVPpVjlPuMbREqnZCXaTnA==

"@floating-ui/core@^1.7.3":
  version "1.7.3"
  resolved "https://registry.npmjs.org/@floating-ui/core/-/core-1.7.3.tgz#462d722f001e23e46d86fd2bd0d21b7693ccb8b7"
  integrity sha512-sGnvb5dmrJaKEZ+LDIpguvdX3bDlEllmv4/ClQ9awcmCZrlx5jQyyMWFM5kBI+EyNOCDDiKk8il0zeuX3Zlg/w==
  dependencies:
    "@floating-ui/utils" "^0.2.10"

"@floating-ui/dom@1.7.4":
  version "1.7.4"
  resolved "https://registry.npmjs.org/@floating-ui/dom/-/dom-1.7.4.tgz#ee667549998745c9c3e3e84683b909c31d6c9a77"
  integrity sha512-OOchDgh4F2CchOX94cRVqhvy7b3AFb+/rQXyswmzmGakRfkMgoWVjfnLWkRirfLEfuD4ysVW16eXzwt3jHIzKA==
  dependencies:
    "@floating-ui/core" "^1.7.3"
    "@floating-ui/utils" "^0.2.10"

"@floating-ui/utils@^0.2.10":
  version "0.2.10"
  resolved "https://registry.npmjs.org/@floating-ui/utils/-/utils-0.2.10.tgz#a2a1e3812d14525f725d011a73eceb41fef5bc1c"
  integrity sha512-aGTxbpbg8/b5JfU1HXSrbH3wXZuLPJcNEcZQFMxLs3oSzgtVu6nFPkbbGGUvBcUjKV2YyB9Wxxabo+HEH9tcRQ==

"@rollup/rollup-android-arm-eabi@4.53.1":
  version "4.53.1"
  resolved "https://registry.npmjs.org/@rollup/rollup-android-arm-eabi/-/rollup-android-arm-eabi-4.53.1.tgz#63f6bdc496180079976e655473d5bea99b21f3ff"
  integrity sha512-bxZtughE4VNVJlL1RdoSE545kc4JxL7op57KKoi59/gwuU5rV6jLWFXXc8jwgFoT6vtj+ZjO+Z2C5nrY0Cl6wA==

"@rollup/rollup-android-arm64@4.53.1":
  version "4.53.1"
  resolved "https://registry.npmjs.org/@rollup/rollup-android-arm64/-/rollup-android-arm64-4.53.1.tgz#177f5e504d2f332edd0ddd3682f91ab72528fb60"
  integrity sha512-44a1hreb02cAAfAKmZfXVercPFaDjqXCK+iKeVOlJ9ltvnO6QqsBHgKVPTu+MJHSLLeMEUbeG2qiDYgbFPU48g==

"@rollup/rollup-darwin-arm64@4.53.1":
  version "4.53.1"
  resolved "https://registry.npmjs.org/@rollup/rollup-darwin-arm64/-/rollup-darwin-arm64-4.53.1.tgz#ffdbe0cc43c88a35be2821f99cdff4c7a5ee2116"
  integrity sha512-usmzIgD0rf1syoOZ2WZvy8YpXK5G1V3btm3QZddoGSa6mOgfXWkkv+642bfUUldomgrbiLQGrPryb7DXLovPWQ==

"@rollup/rollup-darwin-x64@4.53.1":
  version "4.53.1"
  resolved "https://registry.npmjs.org/@rollup/rollup-darwin-x64/-/rollup-darwin-x64-4.53.1.tgz#27a4852923010abbcd1f028c7e8bd6bf0ccbe755"
  integrity sha512-is3r/k4vig2Gt8mKtTlzzyaSQ+hd87kDxiN3uDSDwggJLUV56Umli6OoL+/YZa/KvtdrdyNfMKHzL/P4siOOmg==

"@rollup/rollup-freebsd-arm64@4.53.1":
  version "4.53.1"
  resolved "https://registry.npmjs.org/@rollup/rollup-freebsd-arm64/-/rollup-freebsd-arm64-4.53.1.tgz#a02b83018e487674ab445198786bef9b41cad9f0"
  integrity sha512-QJ1ksgp/bDJkZB4daldVmHaEQkG4r8PUXitCOC2WRmRaSaHx5RwPoI3DHVfXKwDkB+Sk6auFI/+JHacTekPRSw==

"@rollup/rollup-freebsd-x64@4.53.1":
  version "4.53.1"
  resolved "https://registry.npmjs.org/@rollup/rollup-freebsd-x64/-/rollup-freebsd-x64-4.53.1.tgz#fe898a4f0ff7c30f8377c3976ae76b89720c41da"
  integrity sha512-J6ma5xgAzvqsnU6a0+jgGX/gvoGokqpkx6zY4cWizRrm0ffhHDpJKQgC8dtDb3+MqfZDIqs64REbfHDMzxLMqQ==

"@rollup/rollup-linux-arm-gnueabihf@4.53.1":
  version "4.53.1"
  resolved "https://registry.npmjs.org/@rollup/rollup-linux-arm-gnueabihf/-/rollup-linux-arm-gnueabihf-4.53.1.tgz#be5a731a9f7bd7bc707457a768940b6107a9215e"
  integrity sha512-JzWRR41o2U3/KMNKRuZNsDUAcAVUYhsPuMlx5RUldw0E4lvSIXFUwejtYz1HJXohUmqs/M6BBJAUBzKXZVddbg==

"@rollup/rollup-linux-arm-musleabihf@4.53.1":
  version "4.53.1"
  resolved "https://registry.npmjs.org/@rollup/rollup-linux-arm-musleabihf/-/rollup-linux-arm-musleabihf-4.53.1.tgz#30ce6548a9e3591303507c37280300edb0cd1d14"
  integrity sha512-L8kRIrnfMrEoHLHtHn+4uYA52fiLDEDyezgxZtGUTiII/yb04Krq+vk3P2Try+Vya9LeCE9ZHU8CXD6J9EhzHQ==

"@rollup/rollup-linux-arm64-gnu@4.53.1":
  version "4.53.1"
  resolved "https://registry.npmjs.org/@rollup/rollup-linux-arm64-gnu/-/rollup-linux-arm64-gnu-4.53.1.tgz#ec76f4223335e86cd61b0d596f34e97223f4f711"
  integrity sha512-ysAc0MFRV+WtQ8li8hi3EoFi7us6d1UzaS/+Dp7FYZfg3NdDljGMoVyiIp6Ucz7uhlYDBZ/zt6XI0YEZbUO11Q==

"@rollup/rollup-linux-arm64-musl@4.53.1":
  version "4.53.1"
  resolved "https://registry.npmjs.org/@rollup/rollup-linux-arm64-musl/-/rollup-linux-arm64-musl-4.53.1.tgz#9d4d87c2988ec8e4bb3cf4516dda7ef6d09dcd3d"
  integrity sha512-UV6l9MJpDbDZZ/fJvqNcvO1PcivGEf1AvKuTcHoLjVZVFeAMygnamCTDikCVMRnA+qJe+B3pSbgX2+lBMqgBhA==

"@rollup/rollup-linux-loong64-gnu@4.53.1":
  version "4.53.1"
  resolved "https://registry.npmjs.org/@rollup/rollup-linux-loong64-gnu/-/rollup-linux-loong64-gnu-4.53.1.tgz#584bc6f3c33b30c3dbfdad36ac9c7792e4df5199"
  integrity sha512-UDUtelEprkA85g95Q+nj3Xf0M4hHa4DiJ+3P3h4BuGliY4NReYYqwlc0Y8ICLjN4+uIgCEvaygYlpf0hUj90Yg==

"@rollup/rollup-linux-ppc64-gnu@4.53.1":
  version "4.53.1"
  resolved "https://registry.npmjs.org/@rollup/rollup-linux-ppc64-gnu/-/rollup-linux-ppc64-gnu-4.53.1.tgz#3e9a3b095a7d7da6043cb9caa54439d3b598aaf5"
  integrity sha512-vrRn+BYhEtNOte/zbc2wAUQReJXxEx2URfTol6OEfY2zFEUK92pkFBSXRylDM7aHi+YqEPJt9/ABYzmcrS4SgQ==

"@rollup/rollup-linux-riscv64-gnu@4.53.1":
  version "4.53.1"
  resolved "https://registry.npmjs.org/@rollup/rollup-linux-riscv64-gnu/-/rollup-linux-riscv64-gnu-4.53.1.tgz#f3c3d6523d246eef4aa1eed265f1ba31b9eef7c8"
  integrity sha512-gto/1CxHyi4A7YqZZNznQYrVlPSaodOBPKM+6xcDSCMVZN/Fzb4K+AIkNz/1yAYz9h3Ng+e2fY9H6bgawVq17w==

"@rollup/rollup-linux-riscv64-musl@4.53.1":
  version "4.53.1"
  resolved "https://registry.npmjs.org/@rollup/rollup-linux-riscv64-musl/-/rollup-linux-riscv64-musl-4.53.1.tgz#0a8944b4f29a1ba923fb9c2ddb829e621f004988"
  integrity sha512-KZ6Vx7jAw3aLNjFR8eYVcQVdFa/cvBzDNRFM3z7XhNNunWjA03eUrEwJYPk0G8V7Gs08IThFKcAPS4WY/ybIrQ==

"@rollup/rollup-linux-s390x-gnu@4.53.1":
  version "4.53.1"
  resolved "https://registry.npmjs.org/@rollup/rollup-linux-s390x-gnu/-/rollup-linux-s390x-gnu-4.53.1.tgz#bcb48f2d509ef6b33ba89f7d76a2f3805be8d4c8"
  integrity sha512-HvEixy2s/rWNgpwyKpXJcHmE7om1M89hxBTBi9Fs6zVuLU4gOrEMQNbNsN/tBVIMbLyysz/iwNiGtMOpLAOlvA==

"@rollup/rollup-linux-x64-gnu@4.53.1":
  version "4.53.1"
  resolved "https://registry.npmjs.org/@rollup/rollup-linux-x64-gnu/-/rollup-linux-x64-gnu-4.53.1.tgz#ca9045e3b8e8dc0797e55d0229d5c664211bf366"
  integrity sha512-E/n8x2MSjAQgjj9IixO4UeEUeqXLtiA7pyoXCFYLuXpBA/t2hnbIdxHfA7kK9BFsYAoNU4st1rHYdldl8dTqGA==

"@rollup/rollup-linux-x64-musl@4.53.1":
  version "4.53.1"
  resolved "https://registry.npmjs.org/@rollup/rollup-linux-x64-musl/-/rollup-linux-x64-musl-4.53.1.tgz#740876db76078e37bd43cc8584ff1c7f6b382df8"
  integrity sha512-IhJ087PbLOQXCN6Ui/3FUkI9pWNZe/Z7rEIVOzMsOs1/HSAECCvSZ7PkIbkNqL/AZn6WbZvnoVZw/qwqYMo4/w==

"@rollup/rollup-openharmony-arm64@4.53.1":
  version "4.53.1"
  resolved "https://registry.npmjs.org/@rollup/rollup-openharmony-arm64/-/rollup-openharmony-arm64-4.53.1.tgz#3ff19213afe46b806fb6ec105f2664e4027e4cbc"
  integrity sha512-0++oPNgLJHBblreu0SFM7b3mAsBJBTY0Ksrmu9N6ZVrPiTkRgda52mWR7TKhHAsUb9noCjFvAw9l6ZO1yzaVbA==

"@rollup/rollup-win32-arm64-msvc@4.53.1":
  version "4.53.1"
  resolved "https://registry.npmjs.org/@rollup/rollup-win32-arm64-msvc/-/rollup-win32-arm64-msvc-4.53.1.tgz#cbba39610831747f8050a306811776534df1030d"
  integrity sha512-VJXivz61c5uVdbmitLkDlbcTk9Or43YC2QVLRkqp86QoeFSqI81bNgjhttqhKNMKnQMWnecOCm7lZz4s+WLGpQ==

"@rollup/rollup-win32-ia32-msvc@4.53.1":
  version "4.53.1"
  resolved "https://registry.npmjs.org/@rollup/rollup-win32-ia32-msvc/-/rollup-win32-ia32-msvc-4.53.1.tgz#5453c7ebba95d2bbfcc94c744c05586d587fb640"
  integrity sha512-NmZPVTUOitCXUH6erJDzTQ/jotYw4CnkMDjCYRxNHVD9bNyfrGoIse684F9okwzKCV4AIHRbUkeTBc9F2OOH5Q==

"@rollup/rollup-win32-x64-gnu@4.53.1":
  version "4.53.1"
  resolved "https://registry.npmjs.org/@rollup/rollup-win32-x64-gnu/-/rollup-win32-x64-gnu-4.53.1.tgz#01e1acb0dacb220d13c8992340f7bc868a564832"
  integrity sha512-2SNj7COIdAf6yliSpLdLG8BEsp5lgzRehgfkP0Av8zKfQFKku6JcvbobvHASPJu4f3BFxej5g+HuQPvqPhHvpQ==

"@rollup/rollup-win32-x64-msvc@4.53.1":
  version "4.53.1"
  resolved "https://registry.npmjs.org/@rollup/rollup-win32-x64-msvc/-/rollup-win32-x64-msvc-4.53.1.tgz#56eeb602545ec03ce84633b331c2e3ece07b99c3"
  integrity sha512-rLarc1Ofcs3DHtgSzFO31pZsCh8g05R2azN1q3fF+H423Co87My0R+tazOEvYVKXSLh8C4LerMK41/K7wlklcg==

"@types/estree@1.0.8":
  version "1.0.8"
  resolved "https://registry.npmjs.org/@types/estree/-/estree-1.0.8.tgz#958b91c991b1867ced318bedea0e215ee050726e"
  integrity sha512-dWHzHa2WqEXI/O1E9OjrocMTKJl2mSrEolh1Iomrv6U+JuNwaHXsXx9bLu5gG7BUWFIN0skIQJQ/L1rIex4X6w==

"@zag-js/anatomy@1.27.1":
  version "1.27.1"
  resolved "https://registry.npmjs.org/@zag-js/anatomy/-/anatomy-1.27.1.tgz#2b4b1c0aabaa5bb0be5d923a46008259911d8978"
  integrity sha512-vAgZ9RFm9wSucTMpbV1ZY2soZ6ZHQ9JAMOkLy1EPkWyE7+68VxzDh8rKc3Gq3LAjowgF2yR8tIe05njP9KFRjg==

"@zag-js/core@1.27.1":
  version "1.27.1"
  resolved "https://registry.npmjs.org/@zag-js/core/-/core-1.27.1.tgz#333462cabf1fa8378f295ed048b1e260319744fa"
  integrity sha512-C35SJO7O5fyzgk+mhTSRWiApz0QP2MngT/qgCrSEDHss0ESd1scQylpDK8LrKDGHyYObJLLJhOAoeHWKALBTPA==
  dependencies:
    "@zag-js/dom-query" "1.27.1"
    "@zag-js/utils" "1.27.1"

"@zag-js/dismissable@1.27.1":
  version "1.27.1"
  resolved "https://registry.npmjs.org/@zag-js/dismissable/-/dismissable-1.27.1.tgz#99e6532b6a2e234cc7969649efd14005829ca5a9"
  integrity sha512-EZ9xq47m50scGV8JHYTAIL1DjnoFYChBC68cE9XNsqZO2vOINdYAfzsH73otx/CQ6RkhSk7eymP4fIzZVtRTVw==
  dependencies:
    "@zag-js/dom-query" "1.27.1"
    "@zag-js/interact-outside" "1.27.1"
    "@zag-js/utils" "1.27.1"

"@zag-js/dom-query@1.27.1":
  version "1.27.1"
  resolved "https://registry.npmjs.org/@zag-js/dom-query/-/dom-query-1.27.1.tgz#17df1b54eba0ea4df3077b74b43e76b01c0a967b"
  integrity sha512-+oyhPQ6of1zCCK8iTaxxQc2FMFEJz1mr+1571vaSRdoxG31GhNkq/QDfUvQQnRR+2HV9yNiFk4hcjCDGqdXDTQ==
  dependencies:
    "@zag-js/types" "1.27.1"

"@zag-js/focus-visible@1.27.1":
  version "1.27.1"
  resolved "https://registry.npmjs.org/@zag-js/focus-visible/-/focus-visible-1.27.1.tgz#542e939df6db9382bc1fa72903e6d9072f99e280"
  integrity sha512-KGQAoiEejkEi0NMS33Q8mc7kedB0Y4g8WyKNaVlMgnqCEpi39cHkszgyZEvX1SYWfv4+RezQGfYOKo0Y6ze4uQ==
  dependencies:
    "@zag-js/dom-query" "1.27.1"

"@zag-js/interact-outside@1.27.1":
  version "1.27.1"
  resolved "https://registry.npmjs.org/@zag-js/interact-outside/-/interact-outside-1.27.1.tgz#898c5b775a95ecbb7be22cbf7d7e672e7a07295d"
  integrity sha512-MfZobJhDWSiS9SzF35FJd/R+/ksvwzgjXl51p1sjaqVQoTIfKAe/pK8Hcky7NWX9NsVx77x/YidJpb/Bwf3f6g==
  dependencies:
    "@zag-js/dom-query" "1.27.1"
    "@zag-js/utils" "1.27.1"

"@zag-js/menu@^1.27.1":
  version "1.27.1"
  resolved "https://registry.npmjs.org/@zag-js/menu/-/menu-1.27.1.tgz#0e1892c7f755664572152a58eefa302915538dd3"
  integrity sha512-e4U7zbfOF6fXphJvP2xaIKTmnKR75pp6gYGUqJUVQo0VIqQh2Ax5VcPq6JcUQE8UWGRQxwuMn9tzEpXGDWm6QA==
  dependencies:
    "@zag-js/anatomy" "1.27.1"
    "@zag-js/core" "1.27.1"
    "@zag-js/dismissable" "1.27.1"
    "@zag-js/dom-query" "1.27.1"
    "@zag-js/popper" "1.27.1"
    "@zag-js/rect-utils" "1.27.1"
    "@zag-js/types" "1.27.1"
    "@zag-js/utils" "1.27.1"

"@zag-js/popper@1.27.1":
  version "1.27.1"
  resolved "https://registry.npmjs.org/@zag-js/popper/-/popper-1.27.1.tgz#af196b27e181b3710449a71f6dbbd4238cc81efc"
  integrity sha512-ac9YpcIvhd9+QDhm85E0BzPmjTuAWc/FRQOhG/EWKSUDvFZGNAcXLSVS6zxIWPEdY2vDG3Ri9jpCNv89bzzpoQ==
  dependencies:
    "@floating-ui/dom" "1.7.4"
    "@zag-js/dom-query" "1.27.1"
    "@zag-js/utils" "1.27.1"

"@zag-js/react@^1.27.1":
  version "1.27.1"
  resolved "https://registry.npmjs.org/@zag-js/react/-/react-1.27.1.tgz#c2137ce9339cd6f5df2bb1187307296623daacf1"
  integrity sha512-8Y3oAk3bM3boOwE1eKlXKlm8LZP2P2uI+oc41ypa7RJWA/El93ZHAECH+L1S+T0DR1/slISW6Z8zx/tzE/UF0A==
  dependencies:
    "@zag-js/core" "1.27.1"
    "@zag-js/store" "1.27.1"
    "@zag-js/types" "1.27.1"
    "@zag-js/utils" "1.27.1"

"@zag-js/rect-utils@1.27.1":
  version "1.27.1"
  resolved "https://registry.npmjs.org/@zag-js/rect-utils/-/rect-utils-1.27.1.tgz#e62e6eb6ed010df64128acc155edcc0d2ec728fa"
  integrity sha512-BYq+dVrNt+H4hX7wkS3j9ZK+BNKrb1f9vm52D5+TnNs61coidfY5zmhOqQjkgSVBWblDqYWrLskNCymW7t5MVA==

"@zag-js/store@1.27.1":
  version "1.27.1"
  resolved "https://registry.npmjs.org/@zag-js/store/-/store-1.27.1.tgz#75f4f1bc2a201ba2f6e7c97d51cb60a4fb78b3b7"
  integrity sha512-oK8NX9gvwi9NzjPo6oujksSli+hgh7m5ZDRM4SY7T3bBaipz7GsNZuXW+i6DMvDNObtTHbVzQ5ZaqlTQUuos0A==
  dependencies:
    proxy-compare "3.0.1"

"@zag-js/switch@^1.27.1":
  version "1.27.1"
  resolved "https://registry.npmjs.org/@zag-js/switch/-/switch-1.27.1.tgz#0b746911eb12eab2501659db6b40fbc3fe009f6a"
  integrity sha512-IuYacFHlQsxkFCU8ABGjwhtvWARexAYS/BMQkD5W8s0cwNHR3uOLPGjrJhSkJqvx3ENpSTRRKqTwawXVeFg2BQ==
  dependencies:
    "@zag-js/anatomy" "1.27.1"
    "@zag-js/core" "1.27.1"
    "@zag-js/dom-query" "1.27.1"
    "@zag-js/focus-visible" "1.27.1"
    "@zag-js/types" "1.27.1"
    "@zag-js/utils" "1.27.1"

"@zag-js/types@1.27.1":
  version "1.27.1"
  resolved "https://registry.npmjs.org/@zag-js/types/-/types-1.27.1.tgz#c163a6968835519a7389a645fc519ffdbe6bc2d9"
  integrity sha512-t7AtcXElKEjvvRlC1gcDmKgtIeiOtCL3vWf8K8kq7nVhq29q7PHtXB5ywn+R+CWnqJOmIDezKZjC1emXZKF0OA==
  dependencies:
    csstype "3.1.3"

"@zag-js/utils@1.27.1":
  version "1.27.1"
  resolved "https://registry.npmjs.org/@zag-js/utils/-/utils-1.27.1.tgz#0ea90451db2e51abe4b1918c9df1a2af691a00d6"
  integrity sha512-AHSd3VeiBvVoa8lAUe7YsCzk37X9zn2jKiYv13k5Ac+NnbYRbpWzZZZUfNGbFAsu5cSE4X1HUw38H1GTuBeWNQ==

csstype@3.1.3:
  version "3.1.3"
  resolved "https://registry.npmjs.org/csstype/-/csstype-3.1.3.tgz#d80ff294d114fb0e6ac500fbf85b60137d7eff81"
  integrity sha512-M1uQkMl8rQK/szD0LNhtqxIPLpimGm8sOBwU7lLnCpSbTyY3yeU1Vc7l4KT5zT4s/yOxHH5O7tIuuLOCnLADRw==

esbuild@^0.25.0:
  version "0.25.12"
  resolved "https://registry.npmjs.org/esbuild/-/esbuild-0.25.12.tgz#97a1d041f4ab00c2fce2f838d2b9969a2d2a97a5"
  integrity sha512-bbPBYYrtZbkt6Os6FiTLCTFxvq4tt3JKall1vRwshA3fdVztsLAatFaZobhkBC8/BrPetoa0oksYoKXoG4ryJg==
  optionalDependencies:
    "@esbuild/aix-ppc64" "0.25.12"
    "@esbuild/android-arm" "0.25.12"
    "@esbuild/android-arm64" "0.25.12"
    "@esbuild/android-x64" "0.25.12"
    "@esbuild/darwin-arm64" "0.25.12"
    "@esbuild/darwin-x64" "0.25.12"
    "@esbuild/freebsd-arm64" "0.25.12"
    "@esbuild/freebsd-x64" "0.25.12"
    "@esbuild/linux-arm" "0.25.12"
    "@esbuild/linux-arm64" "0.25.12"
    "@esbuild/linux-ia32" "0.25.12"
    "@esbuild/linux-loong64" "0.25.12"
    "@esbuild/linux-mips64el" "0.25.12"
    "@esbuild/linux-ppc64" "0.25.12"
    "@esbuild/linux-riscv64" "0.25.12"
    "@esbuild/linux-s390x" "0.25.12"
    "@esbuild/linux-x64" "0.25.12"
    "@esbuild/netbsd-arm64" "0.25.12"
    "@esbuild/netbsd-x64" "0.25.12"
    "@esbuild/openbsd-arm64" "0.25.12"
    "@esbuild/openbsd-x64" "0.25.12"
    "@esbuild/openharmony-arm64" "0.25.12"
    "@esbuild/sunos-x64" "0.25.12"
    "@esbuild/win32-arm64" "0.25.12"
    "@esbuild/win32-ia32" "0.25.12"
    "@esbuild/win32-x64" "0.25.12"

fdir@^6.4.4, fdir@^6.5.0:
  version "6.5.0"
  resolved "https://registry.npmjs.org/fdir/-/fdir-6.5.0.tgz#ed2ab967a331ade62f18d077dae192684d50d350"
  integrity sha512-tIbYtZbucOs0BRGqPJkshJUYdL+SDH7dVM8gjy+ERp3WAUjLEFJE+02kanyHtwjWOnwrKYBiwAmM0p4kLJAnXg==

fsevents@~2.3.2, fsevents@~2.3.3:
  version "2.3.3"
  resolved "https://registry.npmjs.org/fsevents/-/fsevents-2.3.3.tgz#cac6407785d03675a2a5e1a5305c697b347d90d6"
  integrity sha512-5xoDfX+fL7faATnagmWPpbFtwh/R77WmMMqqHGS65C3vvB0YHrgF+B1YmZ3441tMj5n63k0212XNoJwzlhffQw==

nanoid@^3.3.11:
  version "3.3.11"
  resolved "https://registry.npmjs.org/nanoid/-/nanoid-3.3.11.tgz#4f4f112cefbe303202f2199838128936266d185b"
  integrity sha512-N8SpfPUnUp1bK+PMYW8qSWdl9U+wwNWI4QKxOYDy9JAro3WMX7p2OeVRF9v+347pnakNevPmiHhNmZ2HbFA76w==

picocolors@^1.1.1:
  version "1.1.1"
  resolved "https://registry.npmjs.org/picocolors/-/picocolors-1.1.1.tgz#3d321af3eab939b083c8f929a1d12cda81c26b6b"
  integrity sha512-xceH2snhtb5M9liqDsmEw56le376mTZkEX/jEb/RxNFyegNul7eNslCXP9FDj/Lcu0X8KEyMceP2ntpaHrDEVA==

picomatch@^4.0.2, picomatch@^4.0.3:
  version "4.0.3"
  resolved "https://registry.npmjs.org/picomatch/-/picomatch-4.0.3.tgz#796c76136d1eead715db1e7bad785dedd695a042"
  integrity sha512-5gTmgEY/sqK6gFXLIsQNH19lWb4ebPDLA4SdLP7dsWkIXHWlG66oPuVvXSGFPppYZz8ZDZq0dYYrbHfBCVUb1Q==

postcss@^8.5.3:
  version "8.5.6"
  resolved "https://registry.npmjs.org/postcss/-/postcss-8.5.6.tgz#2825006615a619b4f62a9e7426cc120b349a8f3c"
  integrity sha512-3Ybi1tAuwAP9s0r1UQ2J4n5Y0G05bJkpUIO0/bI9MhwmD70S5aTWbXGBwxHrelT+XM1k6dM0pk+SwNkpTRN7Pg==
  dependencies:
    nanoid "^3.3.11"
    picocolors "^1.1.1"
    source-map-js "^1.2.1"

proxy-compare@3.0.1:
  version "3.0.1"
  resolved "https://registry.npmjs.org/proxy-compare/-/proxy-compare-3.0.1.tgz#3262cff3a25a6dedeaa299f6cf2369d6f7588a94"
  integrity sha512-V9plBAt3qjMlS1+nC8771KNf6oJ12gExvaxnNzN/9yVRLdTv/lc+oJlnSzrdYDAvBfTStPCoiaCOTmTs0adv7Q==

react-dom@^19.0.0:
  version "19.2.0"
  resolved "https://registry.npmjs.org/react-dom/-/react-dom-19.2.0.tgz#00ed1e959c365e9a9d48f8918377465466ec3af8"
  integrity sha512-UlbRu4cAiGaIewkPyiRGJk0imDN2T3JjieT6spoL2UeSf5od4n5LB/mQ4ejmxhCFT1tYe8IvaFulzynWovsEFQ==
  dependencies:
    scheduler "^0.27.0"

react@^19.0.0:
  version "19.2.0"
  resolved "https://registry.npmjs.org/react/-/react-19.2.0.tgz#d33dd1721698f4376ae57a54098cb47fc75d93a5"
  integrity sha512-tmbWg6W31tQLeB5cdIBOicJDJRR2KzXsV7uSK9iNfLWQ5bIZfxuPEHp7M8wiHyHnn0DD1i7w3Zmin0FtkrwoCQ==

rollup@^4.34.9:
  version "4.53.1"
  resolved "https://registry.npmjs.org/rollup/-/rollup-4.53.1.tgz#84d1d378584a15dedfcdcff7767a8b9d92d8d3d9"
  integrity sha512-n2I0V0lN3E9cxxMqBCT3opWOiQBzRN7UG60z/WDKqdX2zHUS/39lezBcsckZFsV6fUTSnfqI7kHf60jDAPGKug==
  dependencies:
    "@types/estree" "1.0.8"
  optionalDependencies:
    "@rollup/rollup-android-arm-eabi" "4.53.1"
    "@rollup/rollup-android-arm64" "4.53.1"
    "@rollup/rollup-darwin-arm64" "4.53.1"
    "@rollup/rollup-darwin-x64" "4.53.1"
    "@rollup/rollup-freebsd-arm64" "4.53.1"
    "@rollup/rollup-freebsd-x64" "4.53.1"
    "@rollup/rollup-linux-arm-gnueabihf" "4.53.1"
    "@rollup/rollup-linux-arm-musleabihf" "4.53.1"
    "@rollup/rollup-linux-arm64-gnu" "4.53.1"
    "@rollup/rollup-linux-arm64-musl" "4.53.1"
    "@rollup/rollup-linux-loong64-gnu" "4.53.1"
    "@rollup/rollup-linux-ppc64-gnu" "4.53.1"
    "@rollup/rollup-linux-riscv64-gnu" "4.53.1"
    "@rollup/rollup-linux-riscv64-musl" "4.53.1"
    "@rollup/rollup-linux-s390x-gnu" "4.53.1"
    "@rollup/rollup-linux-x64-gnu" "4.53.1"
    "@rollup/rollup-linux-x64-musl" "4.53.1"
    "@rollup/rollup-openharmony-arm64" "4.53.1"
    "@rollup/rollup-win32-arm64-msvc" "4.53.1"
    "@rollup/rollup-win32-ia32-msvc" "4.53.1"
    "@rollup/rollup-win32-x64-gnu" "4.53.1"
    "@rollup/rollup-win32-x64-msvc" "4.53.1"
    fsevents "~2.3.2"

scheduler@^0.27.0:
  version "0.27.0"
  resolved "https://registry.npmjs.org/scheduler/-/scheduler-0.27.0.tgz#0c4ef82d67d1e5c1e359e8fc76d3a87f045fe5bd"
  integrity sha512-eNv+WrVbKu1f3vbYJT/xtiF5syA5HPIMtf9IgY/nKg0sWqzAUEvqY/xm7OcZc/qafLx/iO9FgOmeSAp4v5ti/Q==

source-map-js@^1.2.1:
  version "1.2.1"
  resolved "https://registry.npmjs.org/source-map-js/-/source-map-js-1.2.1.tgz#1ce5650fddd87abc099eda37dcff024c2667ae46"
  integrity sha512-UXWMKhLOwVKb728IUtQPXxfYU+usdybtUrK/8uGE8CQMvrhOpwvzDBwj0QhSL7MQc7vIsISBG8VQ8+IDQxpfQA==

tinyglobby@^0.2.13:
  version "0.2.15"
  resolved "https://registry.npmjs.org/tinyglobby/-/tinyglobby-0.2.15.tgz#e228dd1e638cea993d2fdb4fcd2d4602a79951c2"
  integrity sha512-j2Zq4NyQYG5XMST4cbs02Ak8iJUdxRM0XI5QyxXuZOzKOINmWurp3smXu3y5wDcJrptwpSjgXHzIQxR0omXljQ==
  dependencies:
    fdir "^6.5.0"
    picomatch "^4.0.3"

vite@^6.2.0:
  version "6.4.1"
  resolved "https://registry.npmjs.org/vite/-/vite-6.4.1.tgz#afbe14518cdd6887e240a4b0221ab6d0ce733f96"
  integrity sha512-+Oxm7q9hDoLMyJOYfUYBuHQo+dkAloi33apOPP56pzj+vsdJDzr+j1NISE5pyaAuKL4A3UD34qd0lx5+kfKp2g==
  dependencies:
    esbuild "^0.25.0"
    fdir "^6.4.4"
    picomatch "^4.0.2"
    postcss "^8.5.3"
    rollup "^4.34.9"
    tinyglobby "^0.2.13"
  optionalDependencies:
    fsevents "~2.3.3"

zag-js@^1.0.0:
  version "1.0.0"
  resolved "https://registry.npmjs.org/zag-js/-/zag-js-1.0.0.tgz#a2cfbc9b1ed385037ab5f28c896991e4eeb433a8"
  integrity sha512-Zs5YwhYQStUSGzyJjGNjus3L1U2lewEKpYUVtExcveh43TaO/cwp3MKju5jP1y7L0z7rGOJhdiOJw0oQCqAbZA==
